
Microsoft Visual Studio Solution File, Format Version 12.00
# Visual Studio Version 17
VisualStudioVersion = 17.2.32616.157
MinimumVisualStudioVersion = 10.0.40219.1
Project("{FAE04EC0-301F-11D3-BF4B-00C04F79EFBC}") = "Итоговая проверочная работа", "Итоговая проверочная работа.csproj", "{D8068B99-3B5E-4CCA-93D4-D6CEA396EF28}"
EndProject
Global
	GlobalSection(SolutionConfigurationPlatforms) = preSolution
		Debug|Any CPU = Debug|Any CPU
		Release|Any CPU = Release|Any CPU
	EndGlobalSection
	GlobalSection(ProjectConfigurationPlatforms) = postSolution
		{D8068B99-3B5E-4CCA-93D4-D6CEA396EF28}.Debug|Any CPU.ActiveCfg = Debug|Any CPU
		{D8068B99-3B5E-4CCA-93D4-D6CEA396EF28}.Debug|Any CPU.Build.0 = Debug|Any CPU
		{D8068B99-3B5E-4CCA-93D4-D6CEA396EF28}.Release|Any CPU.ActiveCfg = Release|Any CPU
		{D8068B99-3B5E-4CCA-93D4-D6CEA396EF28}.Release|Any CPU.Build.0 = Release|Any CPU
	EndGlobalSection
	GlobalSection(SolutionProperties) = preSolution
		HideSolutionNode = FALSE
	EndGlobalSection
	GlobalSection(ExtensibilityGlobals) = postSolution
		SolutionGuid = {427DCC17-CEED-4C21-8AAC-92986B98DC2C}
	EndGlobalSection
EndGlobal
